// !$*UTF8*$!
{
	archiveVersion = 1;
	classes = {
	};
	objectVersion = 56;
	objects = {

/* Begin PBXBuildFile section */
		840DA5602BC1A94E0074F398 /* RegistrationViewModel.swift in Sources */ = {isa = PBXBuildFile; fileRef = 840DA55F2BC1A94E0074F398 /* RegistrationViewModel.swift */; };
		842317DE2BB2372C008526B5 /* User.swift in Sources */ = {isa = PBXBuildFile; fileRef = 842317DD2BB2372C008526B5 /* User.swift */; };
		842317E12BB4B7D9008526B5 /* CardViewModel.swift in Sources */ = {isa = PBXBuildFile; fileRef = 842317E02BB4B7D9008526B5 /* CardViewModel.swift */; };
		846DB5982BB75A3000C95356 /* CustomTextField.swift in Sources */ = {isa = PBXBuildFile; fileRef = 846DB5972BB75A3000C95356 /* CustomTextField.swift */; };
		84C72F1D2BA4C39D00E22306 /* Extension+UIView.swift in Sources */ = {isa = PBXBuildFile; fileRef = 84C72F1C2BA4C39D00E22306 /* Extension+UIView.swift */; };
		84D58DFF2BAB2C1200A671D4 /* HomeBottomControlsStackView.swift in Sources */ = {isa = PBXBuildFile; fileRef = 84D58DFE2BAB2C1200A671D4 /* HomeBottomControlsStackView.swift */; };
		84D58E012BAB978700A671D4 /* TopNavigationStackView.swift in Sources */ = {isa = PBXBuildFile; fileRef = 84D58E002BAB978700A671D4 /* TopNavigationStackView.swift */; };
		84D58E032BAE1F4E00A671D4 /* CardView.swift in Sources */ = {isa = PBXBuildFile; fileRef = 84D58E022BAE1F4E00A671D4 /* CardView.swift */; };
		84D7FEF12BB5FA9D00FC932B /* Advertiser.swift in Sources */ = {isa = PBXBuildFile; fileRef = 84D7FEF02BB5FA9D00FC932B /* Advertiser.swift */; };
		84D7FEF32BB6FE9A00FC932B /* RegistrationController.swift in Sources */ = {isa = PBXBuildFile; fileRef = 84D7FEF22BB6FE9A00FC932B /* RegistrationController.swift */; };
		84E414582BC1C49700F7F384 /* FirebaseAnalytics in Frameworks */ = {isa = PBXBuildFile; productRef = 84E414572BC1C49700F7F384 /* FirebaseAnalytics */; };
		84E4145A2BC1C49700F7F384 /* FirebaseAuth in Frameworks */ = {isa = PBXBuildFile; productRef = 84E414592BC1C49700F7F384 /* FirebaseAuth */; };
		84E4145C2BC1C49700F7F384 /* FirebaseFirestore in Frameworks */ = {isa = PBXBuildFile; productRef = 84E4145B2BC1C49700F7F384 /* FirebaseFirestore */; };
		84E4145E2BC1C49700F7F384 /* FirebaseFirestoreSwift in Frameworks */ = {isa = PBXBuildFile; productRef = 84E4145D2BC1C49700F7F384 /* FirebaseFirestoreSwift */; };
		84E414602BC1C49700F7F384 /* FirebaseMessaging in Frameworks */ = {isa = PBXBuildFile; productRef = 84E4145F2BC1C49700F7F384 /* FirebaseMessaging */; };
		84E414622BC1C49700F7F384 /* FirebaseStorage in Frameworks */ = {isa = PBXBuildFile; productRef = 84E414612BC1C49700F7F384 /* FirebaseStorage */; };
		84E414642BC1C50100F7F384 /* GoogleService-Info.plist in Resources */ = {isa = PBXBuildFile; fileRef = 84E414632BC1C50100F7F384 /* GoogleService-Info.plist */; };
		84E414662BC2DD5E00F7F384 /* Binable.swift in Sources */ = {isa = PBXBuildFile; fileRef = 84E414652BC2DD5E00F7F384 /* Binable.swift */; };
		84E42CD22BA4BE1B009A7AB5 /* AppDelegate.swift in Sources */ = {isa = PBXBuildFile; fileRef = 84E42CD12BA4BE1B009A7AB5 /* AppDelegate.swift */; };
		84E42CD42BA4BE1B009A7AB5 /* SceneDelegate.swift in Sources */ = {isa = PBXBuildFile; fileRef = 84E42CD32BA4BE1B009A7AB5 /* SceneDelegate.swift */; };
		84E42CD62BA4BE1B009A7AB5 /* ViewController.swift in Sources */ = {isa = PBXBuildFile; fileRef = 84E42CD52BA4BE1B009A7AB5 /* ViewController.swift */; };
		84E42CD92BA4BE1B009A7AB5 /* Base in Resources */ = {isa = PBXBuildFile; fileRef = 84E42CD82BA4BE1B009A7AB5 /* Base */; };
		84E42CDB2BA4BE1C009A7AB5 /* Assets.xcassets in Resources */ = {isa = PBXBuildFile; fileRef = 84E42CDA2BA4BE1C009A7AB5 /* Assets.xcassets */; };
		84E42CDE2BA4BE1C009A7AB5 /* Base in Resources */ = {isa = PBXBuildFile; fileRef = 84E42CDD2BA4BE1C009A7AB5 /* Base */; };
/* End PBXBuildFile section */

/* Begin PBXFileReference section */
		840DA55F2BC1A94E0074F398 /* RegistrationViewModel.swift */ = {isa = PBXFileReference; fileEncoding = 4; lastKnownFileType = sourcecode.swift; path = RegistrationViewModel.swift; sourceTree = "<group>"; };
		842317DD2BB2372C008526B5 /* User.swift */ = {isa = PBXFileReference; lastKnownFileType = sourcecode.swift; path = User.swift; sourceTree = "<group>"; };
		842317E02BB4B7D9008526B5 /* CardViewModel.swift */ = {isa = PBXFileReference; lastKnownFileType = sourcecode.swift; path = CardViewModel.swift; sourceTree = "<group>"; };
		846DB5972BB75A3000C95356 /* CustomTextField.swift */ = {isa = PBXFileReference; lastKnownFileType = sourcecode.swift; path = CustomTextField.swift; sourceTree = "<group>"; };
		84C72F1C2BA4C39D00E22306 /* Extension+UIView.swift */ = {isa = PBXFileReference; lastKnownFileType = sourcecode.swift; path = "Extension+UIView.swift"; sourceTree = "<group>"; };
		84D58DFE2BAB2C1200A671D4 /* HomeBottomControlsStackView.swift */ = {isa = PBXFileReference; lastKnownFileType = sourcecode.swift; path = HomeBottomControlsStackView.swift; sourceTree = "<group>"; };
		84D58E002BAB978700A671D4 /* TopNavigationStackView.swift */ = {isa = PBXFileReference; lastKnownFileType = sourcecode.swift; path = TopNavigationStackView.swift; sourceTree = "<group>"; };
		84D58E022BAE1F4E00A671D4 /* CardView.swift */ = {isa = PBXFileReference; lastKnownFileType = sourcecode.swift; path = CardView.swift; sourceTree = "<group>"; };
		84D7FEF02BB5FA9D00FC932B /* Advertiser.swift */ = {isa = PBXFileReference; lastKnownFileType = sourcecode.swift; path = Advertiser.swift; sourceTree = "<group>"; };
		84D7FEF22BB6FE9A00FC932B /* RegistrationController.swift */ = {isa = PBXFileReference; lastKnownFileType = sourcecode.swift; path = RegistrationController.swift; sourceTree = "<group>"; };
		84E414632BC1C50100F7F384 /* GoogleService-Info.plist */ = {isa = PBXFileReference; fileEncoding = 4; lastKnownFileType = text.plist.xml; path = "GoogleService-Info.plist"; sourceTree = "<group>"; };
		84E414652BC2DD5E00F7F384 /* Binable.swift */ = {isa = PBXFileReference; lastKnownFileType = sourcecode.swift; path = Binable.swift; sourceTree = "<group>"; };
		84E42CCE2BA4BE1B009A7AB5 /* TinderClone.app */ = {isa = PBXFileReference; explicitFileType = wrapper.application; includeInIndex = 0; path = TinderClone.app; sourceTree = BUILT_PRODUCTS_DIR; };
		84E42CD12BA4BE1B009A7AB5 /* AppDelegate.swift */ = {isa = PBXFileReference; lastKnownFileType = sourcecode.swift; path = AppDelegate.swift; sourceTree = "<group>"; };
		84E42CD32BA4BE1B009A7AB5 /* SceneDelegate.swift */ = {isa = PBXFileReference; lastKnownFileType = sourcecode.swift; path = SceneDelegate.swift; sourceTree = "<group>"; };
		84E42CD52BA4BE1B009A7AB5 /* ViewController.swift */ = {isa = PBXFileReference; lastKnownFileType = sourcecode.swift; path = ViewController.swift; sourceTree = "<group>"; };
		84E42CD82BA4BE1B009A7AB5 /* Base */ = {isa = PBXFileReference; lastKnownFileType = file.storyboard; name = Base; path = Base.lproj/Main.storyboard; sourceTree = "<group>"; };
		84E42CDA2BA4BE1C009A7AB5 /* Assets.xcassets */ = {isa = PBXFileReference; lastKnownFileType = folder.assetcatalog; path = Assets.xcassets; sourceTree = "<group>"; };
		84E42CDD2BA4BE1C009A7AB5 /* Base */ = {isa = PBXFileReference; lastKnownFileType = file.storyboard; name = Base; path = Base.lproj/LaunchScreen.storyboard; sourceTree = "<group>"; };
		84E42CDF2BA4BE1C009A7AB5 /* Info.plist */ = {isa = PBXFileReference; lastKnownFileType = text.plist.xml; path = Info.plist; sourceTree = "<group>"; };
/* End PBXFileReference section */

/* Begin PBXFrameworksBuildPhase section */
		84E42CCB2BA4BE1B009A7AB5 /* Frameworks */ = {
			isa = PBXFrameworksBuildPhase;
			buildActionMask = 2147483647;
			files = (
				84E414582BC1C49700F7F384 /* FirebaseAnalytics in Frameworks */,
				84E4145A2BC1C49700F7F384 /* FirebaseAuth in Frameworks */,
				84E414602BC1C49700F7F384 /* FirebaseMessaging in Frameworks */,
				84E4145C2BC1C49700F7F384 /* FirebaseFirestore in Frameworks */,
				84E4145E2BC1C49700F7F384 /* FirebaseFirestoreSwift in Frameworks */,
				84E414622BC1C49700F7F384 /* FirebaseStorage in Frameworks */,
			);
			runOnlyForDeploymentPostprocessing = 0;
		};
/* End PBXFrameworksBuildPhase section */

/* Begin PBXGroup section */
		842317DC2BB23715008526B5 /* Model */ = {
			isa = PBXGroup;
			children = (
				842317DD2BB2372C008526B5 /* User.swift */,
				84D7FEF02BB5FA9D00FC932B /* Advertiser.swift */,
			);
			path = Model;
			sourceTree = "<group>";
		};
		842317DF2BB4B7C3008526B5 /* ViewModels */ = {
			isa = PBXGroup;
			children = (
				842317E02BB4B7D9008526B5 /* CardViewModel.swift */,
				840DA55F2BC1A94E0074F398 /* RegistrationViewModel.swift */,
			);
			path = ViewModels;
			sourceTree = "<group>";
		};
		842317E22BB4BB16008526B5 /* Controllers */ = {
			isa = PBXGroup;
			children = (
				84D7FEF22BB6FE9A00FC932B /* RegistrationController.swift */,
				84E42CD52BA4BE1B009A7AB5 /* ViewController.swift */,
				84E414652BC2DD5E00F7F384 /* Binable.swift */,
			);
			path = Controllers;
			sourceTree = "<group>";
		};
		84C72F1B2BA4C38900E22306 /* Extensions */ = {
			isa = PBXGroup;
			children = (
				84C72F1C2BA4C39D00E22306 /* Extension+UIView.swift */,
			);
			path = Extensions;
			sourceTree = "<group>";
		};
		84D58DFD2BAB2BBA00A671D4 /* Views */ = {
			isa = PBXGroup;
			children = (
				84D58DFE2BAB2C1200A671D4 /* HomeBottomControlsStackView.swift */,
				84D58E002BAB978700A671D4 /* TopNavigationStackView.swift */,
				84D58E022BAE1F4E00A671D4 /* CardView.swift */,
				846DB5972BB75A3000C95356 /* CustomTextField.swift */,
			);
			path = Views;
			sourceTree = "<group>";
		};
		84E42CC52BA4BE1B009A7AB5 = {
			isa = PBXGroup;
			children = (
				84E42CD02BA4BE1B009A7AB5 /* TinderClone */,
				84E42CCF2BA4BE1B009A7AB5 /* Products */,
			);
			sourceTree = "<group>";
		};
		84E42CCF2BA4BE1B009A7AB5 /* Products */ = {
			isa = PBXGroup;
			children = (
				84E42CCE2BA4BE1B009A7AB5 /* TinderClone.app */,
			);
			name = Products;
			sourceTree = "<group>";
		};
		84E42CD02BA4BE1B009A7AB5 /* TinderClone */ = {
			isa = PBXGroup;
			children = (
				842317DF2BB4B7C3008526B5 /* ViewModels */,
				842317DC2BB23715008526B5 /* Model */,
				84D58DFD2BAB2BBA00A671D4 /* Views */,
				842317E22BB4BB16008526B5 /* Controllers */,
				84C72F1B2BA4C38900E22306 /* Extensions */,
				84E42CD12BA4BE1B009A7AB5 /* AppDelegate.swift */,
				84E42CD32BA4BE1B009A7AB5 /* SceneDelegate.swift */,
				84E42CD72BA4BE1B009A7AB5 /* Main.storyboard */,
				84E42CDA2BA4BE1C009A7AB5 /* Assets.xcassets */,
				84E42CDC2BA4BE1C009A7AB5 /* LaunchScreen.storyboard */,
				84E42CDF2BA4BE1C009A7AB5 /* Info.plist */,
				84E414632BC1C50100F7F384 /* GoogleService-Info.plist */,
			);
			path = TinderClone;
			sourceTree = "<group>";
		};
/* End PBXGroup section */

/* Begin PBXNativeTarget section */
		84E42CCD2BA4BE1B009A7AB5 /* TinderClone */ = {
			isa = PBXNativeTarget;
			buildConfigurationList = 84E42CE22BA4BE1C009A7AB5 /* Build configuration list for PBXNativeTarget "TinderClone" */;
			buildPhases = (
				84E42CCA2BA4BE1B009A7AB5 /* Sources */,
				84E42CCB2BA4BE1B009A7AB5 /* Frameworks */,
				84E42CCC2BA4BE1B009A7AB5 /* Resources */,
			);
			buildRules = (
			);
			dependencies = (
			);
			name = TinderClone;
			packageProductDependencies = (
				84E414572BC1C49700F7F384 /* FirebaseAnalytics */,
				84E414592BC1C49700F7F384 /* FirebaseAuth */,
				84E4145B2BC1C49700F7F384 /* FirebaseFirestore */,
				84E4145D2BC1C49700F7F384 /* FirebaseFirestoreSwift */,
				84E4145F2BC1C49700F7F384 /* FirebaseMessaging */,
				84E414612BC1C49700F7F384 /* FirebaseStorage */,
			);
			productName = TinderClone;
			productReference = 84E42CCE2BA4BE1B009A7AB5 /* TinderClone.app */;
			productType = "com.apple.product-type.application";
		};
/* End PBXNativeTarget section */

/* Begin PBXProject section */
		84E42CC62BA4BE1B009A7AB5 /* Project object */ = {
			isa = PBXProject;
			attributes = {
				BuildIndependentTargetsInParallel = 1;
				LastSwiftUpdateCheck = 1530;
				LastUpgradeCheck = 1530;
				TargetAttributes = {
					84E42CCD2BA4BE1B009A7AB5 = {
						CreatedOnToolsVersion = 15.3;
					};
				};
			};
			buildConfigurationList = 84E42CC92BA4BE1B009A7AB5 /* Build configuration list for PBXProject "TinderClone" */;
			compatibilityVersion = "Xcode 14.0";
			developmentRegion = en;
			hasScannedForEncodings = 0;
			knownRegions = (
				en,
				Base,
			);
			mainGroup = 84E42CC52BA4BE1B009A7AB5;
			packageReferences = (
				84698B982BC1AC4100534AE7 /* XCRemoteSwiftPackageReference "firebase-ios-sdk" */,
			);
			productRefGroup = 84E42CCF2BA4BE1B009A7AB5 /* Products */;
			projectDirPath = "";
			projectRoot = "";
			targets = (
				84E42CCD2BA4BE1B009A7AB5 /* TinderClone */,
			);
		};
/* End PBXProject section */

/* Begin PBXResourcesBuildPhase section */
		84E42CCC2BA4BE1B009A7AB5 /* Resources */ = {
			isa = PBXResourcesBuildPhase;
			buildActionMask = 2147483647;
			files = (
				84E42CDB2BA4BE1C009A7AB5 /* Assets.xcassets in Resources */,
				84E42CDE2BA4BE1C009A7AB5 /* Base in Resources */,
				84E414642BC1C50100F7F384 /* GoogleService-Info.plist in Resources */,
				84E42CD92BA4BE1B009A7AB5 /* Base in Resources */,
			);
			runOnlyForDeploymentPostprocessing = 0;
		};
/* End PBXResourcesBuildPhase section */

/* Begin PBXSourcesBuildPhase section */
		84E42CCA2BA4BE1B009A7AB5 /* Sources */ = {
			isa = PBXSourcesBuildPhase;
			buildActionMask = 2147483647;
			files = (
				84D7FEF12BB5FA9D00FC932B /* Advertiser.swift in Sources */,
				84D58E032BAE1F4E00A671D4 /* CardView.swift in Sources */,
				84E42CD62BA4BE1B009A7AB5 /* ViewController.swift in Sources */,
				84E42CD22BA4BE1B009A7AB5 /* AppDelegate.swift in Sources */,
				84D58DFF2BAB2C1200A671D4 /* HomeBottomControlsStackView.swift in Sources */,
				842317DE2BB2372C008526B5 /* User.swift in Sources */,
				84D7FEF32BB6FE9A00FC932B /* RegistrationController.swift in Sources */,
				84D58E012BAB978700A671D4 /* TopNavigationStackView.swift in Sources */,
				846DB5982BB75A3000C95356 /* CustomTextField.swift in Sources */,
				840DA5602BC1A94E0074F398 /* RegistrationViewModel.swift in Sources */,
				84C72F1D2BA4C39D00E22306 /* Extension+UIView.swift in Sources */,
				84E414662BC2DD5E00F7F384 /* Binable.swift in Sources */,
				84E42CD42BA4BE1B009A7AB5 /* SceneDelegate.swift in Sources */,
				842317E12BB4B7D9008526B5 /* CardViewModel.swift in Sources */,
			);
			runOnlyForDeploymentPostprocessing = 0;
		};
/* End PBXSourcesBuildPhase section */

/* Begin PBXVariantGroup section */
		84E42CD72BA4BE1B009A7AB5 /* Main.storyboard */ = {
			isa = PBXVariantGroup;
			children = (
				84E42CD82BA4BE1B009A7AB5 /* Base */,
			);
			name = Main.storyboard;
			sourceTree = "<group>";
		};
		84E42CDC2BA4BE1C009A7AB5 /* LaunchScreen.storyboard */ = {
			isa = PBXVariantGroup;
			children = (
				84E42CDD2BA4BE1C009A7AB5 /* Base */,
			);
			name = LaunchScreen.storyboard;
			sourceTree = "<group>";
		};
/* End PBXVariantGroup section */

/* Begin XCBuildConfiguration section */
		84E42CE02BA4BE1C009A7AB5 /* Debug */ = {
			isa = XCBuildConfiguration;
			buildSettings = {
				ALWAYS_SEARCH_USER_PATHS = NO;
				ASSETCATALOG_COMPILER_GENERATE_SWIFT_ASSET_SYMBOL_EXTENSIONS = YES;
				CLANG_ANALYZER_NONNULL = YES;
				CLANG_ANALYZER_NUMBER_OBJECT_CONVERSION = YES_AGGRESSIVE;
				CLANG_CXX_LANGUAGE_STANDARD = "gnu++20";
				CLANG_ENABLE_MODULES = YES;
				CLANG_ENABLE_OBJC_ARC = YES;
				CLANG_ENABLE_OBJC_WEAK = YES;
				CLANG_WARN_BLOCK_CAPTURE_AUTORELEASING = YES;
				CLANG_WARN_BOOL_CONVERSION = YES;
				CLANG_WARN_COMMA = YES;
				CLANG_WARN_CONSTANT_CONVERSION = YES;
				CLANG_WARN_DEPRECATED_OBJC_IMPLEMENTATIONS = YES;
				CLANG_WARN_DIRECT_OBJC_ISA_USAGE = YES_ERROR;
				CLANG_WARN_DOCUMENTATION_COMMENTS = YES;
				CLANG_WARN_EMPTY_BODY = YES;
				CLANG_WARN_ENUM_CONVERSION = YES;
				CLANG_WARN_INFINITE_RECURSION = YES;
				CLANG_WARN_INT_CONVERSION = YES;
				CLANG_WARN_NON_LITERAL_NULL_CONVERSION = YES;
				CLANG_WARN_OBJC_IMPLICIT_RETAIN_SELF = YES;
				CLANG_WARN_OBJC_LITERAL_CONVERSION = YES;
				CLANG_WARN_OBJC_ROOT_CLASS = YES_ERROR;
				CLANG_WARN_QUOTED_INCLUDE_IN_FRAMEWORK_HEADER = YES;
				CLANG_WARN_RANGE_LOOP_ANALYSIS = YES;
				CLANG_WARN_STRICT_PROTOTYPES = YES;
				CLANG_WARN_SUSPICIOUS_MOVE = YES;
				CLANG_WARN_UNGUARDED_AVAILABILITY = YES_AGGRESSIVE;
				CLANG_WARN_UNREACHABLE_CODE = YES;
				CLANG_WARN__DUPLICATE_METHOD_MATCH = YES;
				COPY_PHASE_STRIP = NO;
				DEBUG_INFORMATION_FORMAT = dwarf;
				ENABLE_STRICT_OBJC_MSGSEND = YES;
				ENABLE_TESTABILITY = YES;
				ENABLE_USER_SCRIPT_SANDBOXING = YES;
				GCC_C_LANGUAGE_STANDARD = gnu17;
				GCC_DYNAMIC_NO_PIC = NO;
				GCC_NO_COMMON_BLOCKS = YES;
				GCC_OPTIMIZATION_LEVEL = 0;
				GCC_PREPROCESSOR_DEFINITIONS = (
					"DEBUG=1",
					"$(inherited)",
				);
				GCC_WARN_64_TO_32_BIT_CONVERSION = YES;
				GCC_WARN_ABOUT_RETURN_TYPE = YES_ERROR;
				GCC_WARN_UNDECLARED_SELECTOR = YES;
				GCC_WARN_UNINITIALIZED_AUTOS = YES_AGGRESSIVE;
				GCC_WARN_UNUSED_FUNCTION = YES;
				GCC_WARN_UNUSED_VARIABLE = YES;
				IPHONEOS_DEPLOYMENT_TARGET = 17.4;
				LOCALIZATION_PREFERS_STRING_CATALOGS = YES;
				MTL_ENABLE_DEBUG_INFO = INCLUDE_SOURCE;
				MTL_FAST_MATH = YES;
				ONLY_ACTIVE_ARCH = YES;
				SDKROOT = iphoneos;
				SWIFT_ACTIVE_COMPILATION_CONDITIONS = "DEBUG $(inherited)";
				SWIFT_OPTIMIZATION_LEVEL = "-Onone";
			};
			name = Debug;
		};
		84E42CE12BA4BE1C009A7AB5 /* Release */ = {
			isa = XCBuildConfiguration;
			buildSettings = {
				ALWAYS_SEARCH_USER_PATHS = NO;
				ASSETCATALOG_COMPILER_GENERATE_SWIFT_ASSET_SYMBOL_EXTENSIONS = YES;
				CLANG_ANALYZER_NONNULL = YES;
				CLANG_ANALYZER_NUMBER_OBJECT_CONVERSION = YES_AGGRESSIVE;
				CLANG_CXX_LANGUAGE_STANDARD = "gnu++20";
				CLANG_ENABLE_MODULES = YES;
				CLANG_ENABLE_OBJC_ARC = YES;
				CLANG_ENABLE_OBJC_WEAK = YES;
				CLANG_WARN_BLOCK_CAPTURE_AUTORELEASING = YES;
				CLANG_WARN_BOOL_CONVERSION = YES;
				CLANG_WARN_COMMA = YES;
				CLANG_WARN_CONSTANT_CONVERSION = YES;
				CLANG_WARN_DEPRECATED_OBJC_IMPLEMENTATIONS = YES;
				CLANG_WARN_DIRECT_OBJC_ISA_USAGE = YES_ERROR;
				CLANG_WARN_DOCUMENTATION_COMMENTS = YES;
				CLANG_WARN_EMPTY_BODY = YES;
				CLANG_WARN_ENUM_CONVERSION = YES;
				CLANG_WARN_INFINITE_RECURSION = YES;
				CLANG_WARN_INT_CONVERSION = YES;
				CLANG_WARN_NON_LITERAL_NULL_CONVERSION = YES;
				CLANG_WARN_OBJC_IMPLICIT_RETAIN_SELF = YES;
				CLANG_WARN_OBJC_LITERAL_CONVERSION = YES;
				CLANG_WARN_OBJC_ROOT_CLASS = YES_ERROR;
				CLANG_WARN_QUOTED_INCLUDE_IN_FRAMEWORK_HEADER = YES;
				CLANG_WARN_RANGE_LOOP_ANALYSIS = YES;
				CLANG_WARN_STRICT_PROTOTYPES = YES;
				CLANG_WARN_SUSPICIOUS_MOVE = YES;
				CLANG_WARN_UNGUARDED_AVAILABILITY = YES_AGGRESSIVE;
				CLANG_WARN_UNREACHABLE_CODE = YES;
				CLANG_WARN__DUPLICATE_METHOD_MATCH = YES;
				COPY_PHASE_STRIP = NO;
				DEBUG_INFORMATION_FORMAT = "dwarf-with-dsym";
				ENABLE_NS_ASSERTIONS = NO;
				ENABLE_STRICT_OBJC_MSGSEND = YES;
				ENABLE_USER_SCRIPT_SANDBOXING = YES;
				GCC_C_LANGUAGE_STANDARD = gnu17;
				GCC_NO_COMMON_BLOCKS = YES;
				GCC_WARN_64_TO_32_BIT_CONVERSION = YES;
				GCC_WARN_ABOUT_RETURN_TYPE = YES_ERROR;
				GCC_WARN_UNDECLARED_SELECTOR = YES;
				GCC_WARN_UNINITIALIZED_AUTOS = YES_AGGRESSIVE;
				GCC_WARN_UNUSED_FUNCTION = YES;
				GCC_WARN_UNUSED_VARIABLE = YES;
				IPHONEOS_DEPLOYMENT_TARGET = 17.4;
				LOCALIZATION_PREFERS_STRING_CATALOGS = YES;
				MTL_ENABLE_DEBUG_INFO = NO;
				MTL_FAST_MATH = YES;
				SDKROOT = iphoneos;
				SWIFT_COMPILATION_MODE = wholemodule;
				VALIDATE_PRODUCT = YES;
			};
			name = Release;
		};
		84E42CE32BA4BE1C009A7AB5 /* Debug */ = {
			isa = XCBuildConfiguration;
			buildSettings = {
				ASSETCATALOG_COMPILER_APPICON_NAME = AppIcon;
				ASSETCATALOG_COMPILER_GLOBAL_ACCENT_COLOR_NAME = AccentColor;
				CODE_SIGN_STYLE = Automatic;
				CURRENT_PROJECT_VERSION = 1;
				DEVELOPMENT_TEAM = 3KDG7MH762;
				GENERATE_INFOPLIST_FILE = YES;
				INFOPLIST_FILE = TinderClone/Info.plist;
				INFOPLIST_KEY_UIApplicationSupportsIndirectInputEvents = YES;
				INFOPLIST_KEY_UILaunchStoryboardName = LaunchScreen;
				INFOPLIST_KEY_UIMainStoryboardFile = Main;
				INFOPLIST_KEY_UISupportedInterfaceOrientations_iPad = "UIInterfaceOrientationPortrait UIInterfaceOrientationPortraitUpsideDown UIInterfaceOrientationLandscapeLeft UIInterfaceOrientationLandscapeRight";
				INFOPLIST_KEY_UISupportedInterfaceOrientations_iPhone = "UIInterfaceOrientationPortrait UIInterfaceOrientationLandscapeLeft UIInterfaceOrientationLandscapeRight";
				LD_RUNPATH_SEARCH_PATHS = (
					"$(inherited)",
					"@executable_path/Frameworks",
				);
				MARKETING_VERSION = 1.0;
				PRODUCT_BUNDLE_IDENTIFIER = com.akuprym.TinderClone;
				PRODUCT_NAME = "$(TARGET_NAME)";
				SWIFT_EMIT_LOC_STRINGS = YES;
				SWIFT_VERSION = 5.0;
				TARGETED_DEVICE_FAMILY = "1,2";
			};
			name = Debug;
		};
		84E42CE42BA4BE1C009A7AB5 /* Release */ = {
			isa = XCBuildConfiguration;
			buildSettings = {
				ASSETCATALOG_COMPILER_APPICON_NAME = AppIcon;
				ASSETCATALOG_COMPILER_GLOBAL_ACCENT_COLOR_NAME = AccentColor;
				CODE_SIGN_STYLE = Automatic;
				CURRENT_PROJECT_VERSION = 1;
				DEVELOPMENT_TEAM = 3KDG7MH762;
				GENERATE_INFOPLIST_FILE = YES;
				INFOPLIST_FILE = TinderClone/Info.plist;
				INFOPLIST_KEY_UIApplicationSupportsIndirectInputEvents = YES;
				INFOPLIST_KEY_UILaunchStoryboardName = LaunchScreen;
				INFOPLIST_KEY_UIMainStoryboardFile = Main;
				INFOPLIST_KEY_UISupportedInterfaceOrientations_iPad = "UIInterfaceOrientationPortrait UIInterfaceOrientationPortraitUpsideDown UIInterfaceOrientationLandscapeLeft UIInterfaceOrientationLandscapeRight";
				INFOPLIST_KEY_UISupportedInterfaceOrientations_iPhone = "UIInterfaceOrientationPortrait UIInterfaceOrientationLandscapeLeft UIInterfaceOrientationLandscapeRight";
				LD_RUNPATH_SEARCH_PATHS = (
					"$(inherited)",
					"@executable_path/Frameworks",
				);
				MARKETING_VERSION = 1.0;
				PRODUCT_BUNDLE_IDENTIFIER = com.akuprym.TinderClone;
				PRODUCT_NAME = "$(TARGET_NAME)";
				SWIFT_EMIT_LOC_STRINGS = YES;
				SWIFT_VERSION = 5.0;
				TARGETED_DEVICE_FAMILY = "1,2";
			};
			name = Release;
		};
/* End XCBuildConfiguration section */

/* Begin XCConfigurationList section */
		84E42CC92BA4BE1B009A7AB5 /* Build configuration list for PBXProject "TinderClone" */ = {
			isa = XCConfigurationList;
			buildConfigurations = (
				84E42CE02BA4BE1C009A7AB5 /* Debug */,
				84E42CE12BA4BE1C009A7AB5 /* Release */,
			);
			defaultConfigurationIsVisible = 0;
			defaultConfigurationName = Release;
		};
		84E42CE22BA4BE1C009A7AB5 /* Build configuration list for PBXNativeTarget "TinderClone" */ = {
			isa = XCConfigurationList;
			buildConfigurations = (
				84E42CE32BA4BE1C009A7AB5 /* Debug */,
				84E42CE42BA4BE1C009A7AB5 /* Release */,
			);
			defaultConfigurationIsVisible = 0;
			defaultConfigurationName = Release;
		};
/* End XCConfigurationList section */

/* Begin XCRemoteSwiftPackageReference section */
		84698B982BC1AC4100534AE7 /* XCRemoteSwiftPackageReference "firebase-ios-sdk" */ = {
			isa = XCRemoteSwiftPackageReference;
			repositoryURL = "https://github.com/firebase/firebase-ios-sdk";
			requirement = {
				kind = upToNextMajorVersion;
				minimumVersion = 10.23.1;
			};
		};
/* End XCRemoteSwiftPackageReference section */

/* Begin XCSwiftPackageProductDependency section */
		84E414572BC1C49700F7F384 /* FirebaseAnalytics */ = {
			isa = XCSwiftPackageProductDependency;
			package = 84698B982BC1AC4100534AE7 /* XCRemoteSwiftPackageReference "firebase-ios-sdk" */;
			productName = FirebaseAnalytics;
		};
		84E414592BC1C49700F7F384 /* FirebaseAuth */ = {
			isa = XCSwiftPackageProductDependency;
			package = 84698B982BC1AC4100534AE7 /* XCRemoteSwiftPackageReference "firebase-ios-sdk" */;
			productName = FirebaseAuth;
		};
		84E4145B2BC1C49700F7F384 /* FirebaseFirestore */ = {
			isa = XCSwiftPackageProductDependency;
			package = 84698B982BC1AC4100534AE7 /* XCRemoteSwiftPackageReference "firebase-ios-sdk" */;
			productName = FirebaseFirestore;
		};
		84E4145D2BC1C49700F7F384 /* FirebaseFirestoreSwift */ = {
			isa = XCSwiftPackageProductDependency;
			package = 84698B982BC1AC4100534AE7 /* XCRemoteSwiftPackageReference "firebase-ios-sdk" */;
			productName = FirebaseFirestoreSwift;
		};
		84E4145F2BC1C49700F7F384 /* FirebaseMessaging */ = {
			isa = XCSwiftPackageProductDependency;
			package = 84698B982BC1AC4100534AE7 /* XCRemoteSwiftPackageReference "firebase-ios-sdk" */;
			productName = FirebaseMessaging;
		};
		84E414612BC1C49700F7F384 /* FirebaseStorage */ = {
			isa = XCSwiftPackageProductDependency;
			package = 84698B982BC1AC4100534AE7 /* XCRemoteSwiftPackageReference "firebase-ios-sdk" */;
			productName = FirebaseStorage;
		};
/* End XCSwiftPackageProductDependency section */
	};
	rootObject = 84E42CC62BA4BE1B009A7AB5 /* Project object */;
}
